
Microsoft Visual Studio Solution File, Format Version 12.00
# Visual Studio Version 17
VisualStudioVersion = 17.8.34322.80
MinimumVisualStudioVersion = 10.0.40219.1
Project("{FAE04EC0-301F-11D3-BF4B-00C04F79EFBC}") = "ECE 2310 Homework 11_2", "ECE 2310 Homework 11_2.csproj", "{61164EA5-4874-4182-8E33-D9DF00222891}"
EndProject
Global
	GlobalSection(SolutionConfigurationPlatforms) = preSolution
		Debug|Any CPU = Debug|Any CPU
		Release|Any CPU = Release|Any CPU
	EndGlobalSection
	GlobalSection(ProjectConfigurationPlatforms) = postSolution
		{61164EA5-4874-4182-8E33-D9DF00222891}.Debug|Any CPU.ActiveCfg = Debug|Any CPU
		{61164EA5-4874-4182-8E33-D9DF00222891}.Debug|Any CPU.Build.0 = Debug|Any CPU
		{61164EA5-4874-4182-8E33-D9DF00222891}.Release|Any CPU.ActiveCfg = Release|Any CPU
		{61164EA5-4874-4182-8E33-D9DF00222891}.Release|Any CPU.Build.0 = Release|Any CPU
	EndGlobalSection
	GlobalSection(SolutionProperties) = preSolution
		HideSolutionNode = FALSE
	EndGlobalSection
	GlobalSection(ExtensibilityGlobals) = postSolution
		SolutionGuid = {1B22DDFE-4C77-41BE-9FE2-D96BCEADF320}
	EndGlobalSection
EndGlobal
